
Microsoft Visual Studio Solution File, Format Version 12.00
# Visual Studio Version 16
VisualStudioVersion = 16.0.29424.173
MinimumVisualStudioVersion = 10.0.40219.1
Project("{FAE04EC0-301F-11D3-BF4B-00C04F79EFBC}") = "Tabuada", "Tabuada\Tabuada.csproj", "{340A4201-41A9-4409-9A6A-70C66695852D}"
EndProject
Global
	GlobalSection(SolutionConfigurationPlatforms) = preSolution
		Debug|Any CPU = Debug|Any CPU
		Release|Any CPU = Release|Any CPU
	EndGlobalSection
	GlobalSection(ProjectConfigurationPlatforms) = postSolution
		{340A4201-41A9-4409-9A6A-70C66695852D}.Debug|Any CPU.ActiveCfg = Debug|Any CPU
		{340A4201-41A9-4409-9A6A-70C66695852D}.Debug|Any CPU.Build.0 = Debug|Any CPU
		{340A4201-41A9-4409-9A6A-70C66695852D}.Release|Any CPU.ActiveCfg = Release|Any CPU
		{340A4201-41A9-4409-9A6A-70C66695852D}.Release|Any CPU.Build.0 = Release|Any CPU
	EndGlobalSection
	GlobalSection(SolutionProperties) = preSolution
		HideSolutionNode = FALSE
	EndGlobalSection
	GlobalSection(ExtensibilityGlobals) = postSolution
		SolutionGuid = {F8BFBC0E-0F96-4E1E-BA9A-9A865AC5F522}
	EndGlobalSection
EndGlobal
